
Microsoft Visual Studio Solution File, Format Version 12.00
# Visual Studio Version 16
VisualStudioVersion = 16.0.29020.237
MinimumVisualStudioVersion = 10.0.40219.1
Project("{FAE04EC0-301F-11D3-BF4B-00C04F79EFBC}") = "Hero2", "Hero2\Hero2.csproj", "{39DEA71C-BCBB-4BA1-B342-75B402B14D50}"
EndProject
Global
	GlobalSection(SolutionConfigurationPlatforms) = preSolution
		Debug|Any CPU = Debug|Any CPU
		Release|Any CPU = Release|Any CPU
	EndGlobalSection
	GlobalSection(ProjectConfigurationPlatforms) = postSolution
		{39DEA71C-BCBB-4BA1-B342-75B402B14D50}.Debug|Any CPU.ActiveCfg = Debug|Any CPU
		{39DEA71C-BCBB-4BA1-B342-75B402B14D50}.Debug|Any CPU.Build.0 = Debug|Any CPU
		{39DEA71C-BCBB-4BA1-B342-75B402B14D50}.Release|Any CPU.ActiveCfg = Release|Any CPU
		{39DEA71C-BCBB-4BA1-B342-75B402B14D50}.Release|Any CPU.Build.0 = Release|Any CPU
	EndGlobalSection
	GlobalSection(SolutionProperties) = preSolution
		HideSolutionNode = FALSE
	EndGlobalSection
	GlobalSection(ExtensibilityGlobals) = postSolution
		SolutionGuid = {BF481750-D149-46DB-A80B-3FABC5C4EBE1}
	EndGlobalSection
EndGlobal
